
Microsoft Visual Studio Solution File, Format Version 12.00
# Visual Studio Version 17
VisualStudioVersion = 17.2.32616.157
MinimumVisualStudioVersion = 10.0.40219.1
Project("{9A19103F-16F7-4668-BE54-9A1E7A4F7556}") = "Creational", "Creational\Creational.csproj", "{6BCE055D-85BA-49DA-AD99-279285854ABA}"
EndProject
Project("{9A19103F-16F7-4668-BE54-9A1E7A4F7556}") = "Structural", "Structural\Structural.csproj", "{8C68FE06-E352-484F-AD8F-9555D61188B2}"
EndProject
Project("{9A19103F-16F7-4668-BE54-9A1E7A4F7556}") = "Behavioral", "Behavioral\Behavioral.csproj", "{372CC62F-6F6B-409D-8285-7D2A3F59A87B}"
EndProject
Global
	GlobalSection(SolutionConfigurationPlatforms) = preSolution
		Debug|Any CPU = Debug|Any CPU
		Release|Any CPU = Release|Any CPU
	EndGlobalSection
	GlobalSection(ProjectConfigurationPlatforms) = postSolution
		{6BCE055D-85BA-49DA-AD99-279285854ABA}.Debug|Any CPU.ActiveCfg = Debug|Any CPU
		{6BCE055D-85BA-49DA-AD99-279285854ABA}.Debug|Any CPU.Build.0 = Debug|Any CPU
		{6BCE055D-85BA-49DA-AD99-279285854ABA}.Release|Any CPU.ActiveCfg = Release|Any CPU
		{6BCE055D-85BA-49DA-AD99-279285854ABA}.Release|Any CPU.Build.0 = Release|Any CPU
		{8C68FE06-E352-484F-AD8F-9555D61188B2}.Debug|Any CPU.ActiveCfg = Debug|Any CPU
		{8C68FE06-E352-484F-AD8F-9555D61188B2}.Debug|Any CPU.Build.0 = Debug|Any CPU
		{8C68FE06-E352-484F-AD8F-9555D61188B2}.Release|Any CPU.ActiveCfg = Release|Any CPU
		{8C68FE06-E352-484F-AD8F-9555D61188B2}.Release|Any CPU.Build.0 = Release|Any CPU
		{372CC62F-6F6B-409D-8285-7D2A3F59A87B}.Debug|Any CPU.ActiveCfg = Debug|Any CPU
		{372CC62F-6F6B-409D-8285-7D2A3F59A87B}.Debug|Any CPU.Build.0 = Debug|Any CPU
		{372CC62F-6F6B-409D-8285-7D2A3F59A87B}.Release|Any CPU.ActiveCfg = Release|Any CPU
		{372CC62F-6F6B-409D-8285-7D2A3F59A87B}.Release|Any CPU.Build.0 = Release|Any CPU
	EndGlobalSection
	GlobalSection(SolutionProperties) = preSolution
		HideSolutionNode = FALSE
	EndGlobalSection
	GlobalSection(ExtensibilityGlobals) = postSolution
		SolutionGuid = {9C63E827-E0FE-4649-98A2-1F048A368D2A}
	EndGlobalSection
EndGlobal
